<?xml version="1.0" encoding="utf-8"?>
<Project ToolsVersion="4.0" xmlns="http://schemas.microsoft.com/developer/msbuild/2003">
  <ItemGroup>
    <Filter Include="Source Files">
      <UniqueIdentifier>{4FC737F1-C7A5-4376-A066-2A32D752A2FF}</UniqueIdentifier>
      <Extensions>cpp;c;cc;cxx;c++;def;odl;idl;hpj;bat;asm;asmx</Extensions>
    </Filter>
    <Filter Include="Header Files">
      <UniqueIdentifier>{93995380-89BD-4b04-88EB-625FBE52EBFB}</UniqueIdentifier>
      <Extensions>h;hh;hpp;hxx;h++;hm;inl;inc;ipp;xsd</Extensions>
    </Filter>
    <Filter Include="Resource Files">
      <UniqueIdentifier>{67DA6AB6-F800-4c08-8B7A-83BB121AAD01}</UniqueIdentifier>
      <Extensions>rc;ico;cur;bmp;dlg;rc2;rct;bin;rgs;gif;jpg;jpeg;jpe;resx;tiff;tif;png;wav;mfcribbon-ms</Extensions>
    </Filter>
  </ItemGroup>
  <ItemGroup>
    <ClCompile Include="SpaceInvaders\AnimationRenderer.cpp">
      <Filter>Source Files</Filter>
    </ClCompile>
    <ClCompile Include="SpaceInvaders\Collidable.cpp">
      <Filter>Source Files</Filter>
    </ClCompile>
    <ClCompile Include="SpaceInvaders\Entity\Explosion.cpp">
      <Filter>Source Files</Filter>
    </ClCompile>
    <ClCompile Include="SpaceInvaders\Entity\Invader.cpp">
      <Filter>Source Files</Filter>
    </ClCompile>
    <ClCompile Include="SpaceInvaders\Entity\Player.cpp">
      <Filter>Source Files</Filter>
    </ClCompile>
    <ClCompile Include="SpaceInvaders\Entity\Projectile.cpp">
      <Filter>Source Files</Filter>
    </ClCompile>
    <ClCompile Include="SpaceInvaders\Entity\Shield.cpp">
      <Filter>Source Files</Filter>
    </ClCompile>
    <ClCompile Include="SpaceInvaders\Entity\UFO.cpp">
      <Filter>Source Files</Filter>
    </ClCompile>
    <ClCompile Include="SpaceInvaders\InvaderManager.cpp">
      <Filter>Source Files</Filter>
    </ClCompile>
    <ClCompile Include="SpaceInvaders\StarryBackground.cpp">
      <Filter>Source Files</Filter>
    </ClCompile>
    <ClCompile Include="SpaceInvaders\States\StateHighscores.cpp">
      <Filter>Source Files</Filter>
    </ClCompile>
    <ClCompile Include="SpaceInvaders\States\StateMainMenu.cpp">
      <Filter>Source Files</Filter>
    </ClCompile>
    <ClCompile Include="SpaceInvaders\States\StatePlaying.cpp">
      <Filter>Source Files</Filter>
    </ClCompile>
    <ClCompile Include="SpaceInvaders\World.cpp">
      <Filter>Source Files</Filter>
    </ClCompile>
    <ClCompile Include="Arcade\Game.cpp">
      <Filter>Source Files</Filter>
    </ClCompile>
    <ClCompile Include="Arcade\GameSelection\GameSelect.cpp">
      <Filter>Source Files</Filter>
    </ClCompile>
    <ClCompile Include="Arcade\GameSelection\StateGameSelect.cpp">
      <Filter>Source Files</Filter>
    </ClCompile>
    <ClCompile Include="Arcade\Main.cpp">
      <Filter>Source Files</Filter>
    </ClCompile>
    <ClCompile Include="Framework\GUI\Button.cpp">
      <Filter>Source Files</Filter>
    </ClCompile>
    <ClCompile Include="Framework\GUI\StackMenu.cpp">
      <Filter>Source Files</Filter>
    </ClCompile>
    <ClCompile Include="Framework\GUI\Textbox.cpp">
      <Filter>Source Files</Filter>
    </ClCompile>
    <ClCompile Include="Framework\GUI\Widget.cpp">
      <Filter>Source Files</Filter>
    </ClCompile>
    <ClCompile Include="Framework\ResourceManager\ResourceHolder.cpp">
      <Filter>Source Files</Filter>
    </ClCompile>
    <ClCompile Include="Framework\States\StateBase.cpp">
      <Filter>Source Files</Filter>
    </ClCompile>
    <ClCompile Include="Framework\Util\Animation.cpp">
      <Filter>Source Files</Filter>
    </ClCompile>
    <ClCompile Include="Framework\Util\FileUtil.cpp">
      <Filter>Source Files</Filter>
    </ClCompile>
    <ClCompile Include="Framework\Util\FPSCounter.cpp">
      <Filter>Source Files</Filter>
    </ClCompile>
    <ClCompile Include="Framework\Util\Maths.cpp">
      <Filter>Source Files</Filter>
    </ClCompile>
    <ClCompile Include="Framework\Util\ToggleKey.cpp">
      <Filter>Source Files</Filter>
    </ClCompile>
  </ItemGroup>
  <ItemGroup>
    <ClInclude Include="SpaceInvaders\AnimationRenderer.h">
      <Filter>Header Files</Filter>
    </ClInclude>
    <ClInclude Include="SpaceInvaders\Collidable.h">
      <Filter>Header Files</Filter>
    </ClInclude>
    <ClInclude Include="SpaceInvaders\DisplayInfo.h">
      <Filter>Header Files</Filter>
    </ClInclude>
    <ClInclude Include="SpaceInvaders\Entity\Explosion.h">
      <Filter>Header Files</Filter>
    </ClInclude>
    <ClInclude Include="SpaceInvaders\Entity\Invader.h">
      <Filter>Header Files</Filter>
    </ClInclude>
    <ClInclude Include="SpaceInvaders\Entity\Player.h">
      <Filter>Header Files</Filter>
    </ClInclude>
    <ClInclude Include="SpaceInvaders\Entity\Projectile.h">
      <Filter>Header Files</Filter>
    </ClInclude>
    <ClInclude Include="SpaceInvaders\Entity\Shield.h">
      <Filter>Header Files</Filter>
    </ClInclude>
    <ClInclude Include="SpaceInvaders\Entity\UFO.h">
      <Filter>Header Files</Filter>
    </ClInclude>
    <ClInclude Include="SpaceInvaders\InvaderManager.h">
      <Filter>Header Files</Filter>
    </ClInclude>
    <ClInclude Include="SpaceInvaders\StarryBackground.h">
      <Filter>Header Files</Filter>
    </ClInclude>
    <ClInclude Include="SpaceInvaders\States\StateHighscores.h">
      <Filter>Header Files</Filter>
    </ClInclude>
    <ClInclude Include="SpaceInvaders\States\StateMainMenu.h">
      <Filter>Header Files</Filter>
    </ClInclude>
    <ClInclude Include="SpaceInvaders\States\StatePlaying.h">
      <Filter>Header Files</Filter>
    </ClInclude>
    <ClInclude Include="SpaceInvaders\World.h">
      <Filter>Header Files</Filter>
    </ClInclude>
    <ClInclude Include="Arcade\Game.h">
      <Filter>Header Files</Filter>
    </ClInclude>
    <ClInclude Include="Arcade\GameSelection\GameSelect.h">
      <Filter>Header Files</Filter>
    </ClInclude>
    <ClInclude Include="Arcade\GameSelection\StateGameSelect.h">
      <Filter>Header Files</Filter>
    </ClInclude>
    <ClInclude Include="Framework\GUI\Button.h">
      <Filter>Header Files</Filter>
    </ClInclude>
    <ClInclude Include="Framework\GUI\StackMenu.h">
      <Filter>Header Files</Filter>
    </ClInclude>
    <ClInclude Include="Framework\GUI\Textbox.h">
      <Filter>Header Files</Filter>
    </ClInclude>
    <ClInclude Include="Framework\GUI\Widget.h">
      <Filter>Header Files</Filter>
    </ClInclude>
    <ClInclude Include="Framework\ResourceManager\ResourceHolder.h">
      <Filter>Header Files</Filter>
    </ClInclude>
    <ClInclude Include="Framework\ResourceManager\ResourceManager.h">
      <Filter>Header Files</Filter>
    </ClInclude>
    <ClInclude Include="Framework\States\StateBase.h">
      <Filter>Header Files</Filter>
    </ClInclude>
    <ClInclude Include="Framework\Util\Animation.h">
      <Filter>Header Files</Filter>
    </ClInclude>
    <ClInclude Include="Framework\Util\FileUtil.h">
      <Filter>Header Files</Filter>
    </ClInclude>
    <ClInclude Include="Framework\Util\FPSCounter.h">
      <Filter>Header Files</Filter>
    </ClInclude>
    <ClInclude Include="Framework\Util\Maths.h">
      <Filter>Header Files</Filter>
    </ClInclude>
    <ClInclude Include="Framework\Util\NonCopyable.h">
      <Filter>Header Files</Filter>
    </ClInclude>
    <ClInclude Include="Framework\Util\NonMoveable.h">
      <Filter>Header Files</Filter>
    </ClInclude>
    <ClInclude Include="Framework\Util\Random.h">
      <Filter>Header Files</Filter>
    </ClInclude>
    <ClInclude Include="Framework\Util\ToggleKey.h">
      <Filter>Header Files</Filter>
    </ClInclude>
  </ItemGroup>
</Project>